
Microsoft Visual Studio Solution File, Format Version 12.00
# Visual Studio Version 17
VisualStudioVersion = 17.11.35312.102
MinimumVisualStudioVersion = 10.0.40219.1
Project("{9A19103F-16F7-4668-BE54-9A1E7A4F7556}") = "DistribuitedTaskManager", "DistribuitedTaskManager\DistribuitedTaskManager.csproj", "{C168FDD6-EF5C-476C-9091-B5F3C2B7BAA7}"
EndProject
Project("{FAE04EC0-301F-11D3-BF4B-00C04F79EFBC}") = "DistribuitedTaskManager.AppHost", "DistribuitedTaskManager.AppHost\DistribuitedTaskManager.AppHost.csproj", "{715F9486-315A-4881-A95B-50C5584CF074}"
EndProject
Project("{9A19103F-16F7-4668-BE54-9A1E7A4F7556}") = "DistribuitedTaskManager.ServiceDefaults", "DistribuitedTaskManager.ServiceDefaults\DistribuitedTaskManager.ServiceDefaults.csproj", "{179407DA-AA61-4958-92F3-AE24CD4EDED2}"
EndProject
Global
	GlobalSection(SolutionConfigurationPlatforms) = preSolution
		Debug|Any CPU = Debug|Any CPU
		Release|Any CPU = Release|Any CPU
	EndGlobalSection
	GlobalSection(ProjectConfigurationPlatforms) = postSolution
		{C168FDD6-EF5C-476C-9091-B5F3C2B7BAA7}.Debug|Any CPU.ActiveCfg = Debug|Any CPU
		{C168FDD6-EF5C-476C-9091-B5F3C2B7BAA7}.Debug|Any CPU.Build.0 = Debug|Any CPU
		{C168FDD6-EF5C-476C-9091-B5F3C2B7BAA7}.Release|Any CPU.ActiveCfg = Release|Any CPU
		{C168FDD6-EF5C-476C-9091-B5F3C2B7BAA7}.Release|Any CPU.Build.0 = Release|Any CPU
		{715F9486-315A-4881-A95B-50C5584CF074}.Debug|Any CPU.ActiveCfg = Debug|Any CPU
		{715F9486-315A-4881-A95B-50C5584CF074}.Debug|Any CPU.Build.0 = Debug|Any CPU
		{715F9486-315A-4881-A95B-50C5584CF074}.Release|Any CPU.ActiveCfg = Release|Any CPU
		{715F9486-315A-4881-A95B-50C5584CF074}.Release|Any CPU.Build.0 = Release|Any CPU
		{179407DA-AA61-4958-92F3-AE24CD4EDED2}.Debug|Any CPU.ActiveCfg = Debug|Any CPU
		{179407DA-AA61-4958-92F3-AE24CD4EDED2}.Debug|Any CPU.Build.0 = Debug|Any CPU
		{179407DA-AA61-4958-92F3-AE24CD4EDED2}.Release|Any CPU.ActiveCfg = Release|Any CPU
		{179407DA-AA61-4958-92F3-AE24CD4EDED2}.Release|Any CPU.Build.0 = Release|Any CPU
	EndGlobalSection
	GlobalSection(SolutionProperties) = preSolution
		HideSolutionNode = FALSE
	EndGlobalSection
	GlobalSection(ExtensibilityGlobals) = postSolution
		SolutionGuid = {65AC253D-C9AC-4574-B67A-BA3E8769E2AD}
	EndGlobalSection
EndGlobal
